// !$*UTF8*$!
{
	archiveVersion = 1;
	classes = {
	};
	objectVersion = 77;
	objects = {

/* Begin PBXFileReference section */
		A6E512572D2834A700957165 /* index.html.old */ = {isa = PBXFileReference; lastKnownFileType = text; path = index.html.old; sourceTree = "<group>"; };
		A6FB07D52CDE794100813FD3 /* README.md */ = {isa = PBXFileReference; lastKnownFileType = net.daringfireball.markdown; path = README.md; sourceTree = "<group>"; };
		A6FB07D62CDE858E00813FD3 /* index.html */ = {isa = PBXFileReference; lastKnownFileType = text.html; path = index.html; sourceTree = "<group>"; };
/* End PBXFileReference section */

/* Begin PBXGroup section */
		A6FB07CC2CDE766800813FD3 = {
			isa = PBXGroup;
			children = (
				A6FB07D52CDE794100813FD3 /* README.md */,
				A6FB07D62CDE858E00813FD3 /* index.html */,
				A6E512572D2834A700957165 /* index.html.old */,
			);
			sourceTree = "<group>";
		};
/* End PBXGroup section */

/* Begin PBXProject section */
		A6FB07CD2CDE766800813FD3 /* Project object */ = {
			isa = PBXProject;
			attributes = {
				BuildIndependentTargetsInParallel = 1;
				LastUpgradeCheck = 1610;
			};
			buildConfigurationList = A6FB07D02CDE766800813FD3 /* Build configuration list for PBXProject "CommuteGreen" */;
			developmentRegion = en;
			hasScannedForEncodings = 0;
			knownRegions = (
				en,
				Base,
			);
			mainGroup = A6FB07CC2CDE766800813FD3;
			minimizedProjectReferenceProxies = 1;
			preferredProjectObjectVersion = 77;
			projectDirPath = "";
			projectRoot = "";
			targets = (
			);
		};
/* End PBXProject section */

/* Begin XCBuildConfiguration section */
		A6FB07D12CDE766800813FD3 /* Debug */ = {
			isa = XCBuildConfiguration;
			buildSettings = {
			};
			name = Debug;
		};
		A6FB07D22CDE766800813FD3 /* Release */ = {
			isa = XCBuildConfiguration;
			buildSettings = {
			};
			name = Release;
		};
/* End XCBuildConfiguration section */

/* Begin XCConfigurationList section */
		A6FB07D02CDE766800813FD3 /* Build configuration list for PBXProject "CommuteGreen" */ = {
			isa = XCConfigurationList;
			buildConfigurations = (
				A6FB07D12CDE766800813FD3 /* Debug */,
				A6FB07D22CDE766800813FD3 /* Release */,
			);
			defaultConfigurationIsVisible = 0;
			defaultConfigurationName = Release;
		};
/* End XCConfigurationList section */
	};
	rootObject = A6FB07CD2CDE766800813FD3 /* Project object */;
}
