// !$*UTF8*$!
{
	archiveVersion = 1;
	classes = {
	};
	objectVersion = 77;
	objects = {

/* Begin PBXFileReference section */
		A6E5126E2D29803A00957165 /* README.MD */ = {isa = PBXFileReference; lastKnownFileType = net.daringfireball.markdown; path = README.MD; sourceTree = "<group>"; };
		A6E512732D29E28C00957165 /* ABOUT.HTM */ = {isa = PBXFileReference; lastKnownFileType = text.html; path = ABOUT.HTM; sourceTree = "<group>"; };
		A6E512742D29E28C00957165 /* FTPRINT.HTM */ = {isa = PBXFileReference; lastKnownFileType = text.html; path = FTPRINT.HTM; sourceTree = "<group>"; };
		A6E512752D29E28C00957165 /* HEADER.HTM */ = {isa = PBXFileReference; lastKnownFileType = text.html; path = HEADER.HTM; sourceTree = "<group>"; };
		A6E512762D29E28C00957165 /* HOME.HTM */ = {isa = PBXFileReference; lastKnownFileType = text.html; path = HOME.HTM; sourceTree = "<group>"; };
		A6E512772D29E28C00957165 /* INDEX.HTM */ = {isa = PBXFileReference; lastKnownFileType = text.html; path = INDEX.HTM; sourceTree = "<group>"; };
		A6E512782D29E28C00957165 /* JSHASHES.JS */ = {isa = PBXFileReference; lastKnownFileType = sourcecode.javascript; path = JSHASHES.JS; sourceTree = "<group>"; };
		A6E512792D29E28C00957165 /* PLANNER.HTM */ = {isa = PBXFileReference; lastKnownFileType = text.html; path = PLANNER.HTM; sourceTree = "<group>"; };
		A6E5127A2D29E28C00957165 /* SIDEBAR.HTM */ = {isa = PBXFileReference; lastKnownFileType = text.html; path = SIDEBAR.HTM; sourceTree = "<group>"; };
		A6E5127C2D29E2A100957165 /* index.html */ = {isa = PBXFileReference; lastKnownFileType = text.html; path = index.html; sourceTree = SOURCE_ROOT; };
		A6E512802D29E4FE00957165 /* AVATAR.JPG */ = {isa = PBXFileReference; lastKnownFileType = image.jpeg; path = AVATAR.JPG; sourceTree = "<group>"; };
		A6E512812D29E4FE00957165 /* COVER.JPG */ = {isa = PBXFileReference; lastKnownFileType = image.jpeg; path = COVER.JPG; sourceTree = "<group>"; };
/* End PBXFileReference section */

/* Begin PBXGroup section */
		A6E5127B2D29E28C00957165 /* PAGES */ = {
			isa = PBXGroup;
			children = (
				A6E512732D29E28C00957165 /* ABOUT.HTM */,
				A6E512742D29E28C00957165 /* FTPRINT.HTM */,
				A6E512752D29E28C00957165 /* HEADER.HTM */,
				A6E512762D29E28C00957165 /* HOME.HTM */,
				A6E512772D29E28C00957165 /* INDEX.HTM */,
				A6E512782D29E28C00957165 /* JSHASHES.JS */,
				A6E512792D29E28C00957165 /* PLANNER.HTM */,
				A6E5127A2D29E28C00957165 /* SIDEBAR.HTM */,
				A6E512822D29E4FE00957165 /* MEDIA */,
			);
			path = PAGES;
			sourceTree = "<group>";
		};
		A6E512822D29E4FE00957165 /* MEDIA */ = {
			isa = PBXGroup;
			children = (
				A6E512802D29E4FE00957165 /* AVATAR.JPG */,
				A6E512812D29E4FE00957165 /* COVER.JPG */,
			);
			path = MEDIA;
			sourceTree = "<group>";
		};
		A6FB07CC2CDE766800813FD3 = {
			isa = PBXGroup;
			children = (
				A6E5126E2D29803A00957165 /* README.MD */,
				A6E5127C2D29E2A100957165 /* index.html */,
				A6E5127B2D29E28C00957165 /* PAGES */,
			);
			sourceTree = "<group>";
		};
/* End PBXGroup section */

/* Begin PBXProject section */
		A6FB07CD2CDE766800813FD3 /* Project object */ = {
			isa = PBXProject;
			attributes = {
				BuildIndependentTargetsInParallel = 1;
				LastUpgradeCheck = 1610;
			};
			buildConfigurationList = A6FB07D02CDE766800813FD3 /* Build configuration list for PBXProject "CommuteGreen" */;
			developmentRegion = en;
			hasScannedForEncodings = 0;
			knownRegions = (
				en,
				Base,
			);
			mainGroup = A6FB07CC2CDE766800813FD3;
			minimizedProjectReferenceProxies = 1;
			preferredProjectObjectVersion = 77;
			projectDirPath = "";
			projectRoot = "";
			targets = (
			);
		};
/* End PBXProject section */

/* Begin XCBuildConfiguration section */
		A6FB07D12CDE766800813FD3 /* Debug */ = {
			isa = XCBuildConfiguration;
			buildSettings = {
			};
			name = Debug;
		};
		A6FB07D22CDE766800813FD3 /* Release */ = {
			isa = XCBuildConfiguration;
			buildSettings = {
			};
			name = Release;
		};
/* End XCBuildConfiguration section */

/* Begin XCConfigurationList section */
		A6FB07D02CDE766800813FD3 /* Build configuration list for PBXProject "CommuteGreen" */ = {
			isa = XCConfigurationList;
			buildConfigurations = (
				A6FB07D12CDE766800813FD3 /* Debug */,
				A6FB07D22CDE766800813FD3 /* Release */,
			);
			defaultConfigurationIsVisible = 0;
			defaultConfigurationName = Release;
		};
/* End XCConfigurationList section */
	};
	rootObject = A6FB07CD2CDE766800813FD3 /* Project object */;
}
