// !$*UTF8*$!
{
	archiveVersion = 1;
	classes = {
	};
	objectVersion = 77;
	objects = {

/* Begin PBXFileReference section */
		A6E512592D2860C500957165 /* home.htm */ = {isa = PBXFileReference; lastKnownFileType = text.html; path = home.htm; sourceTree = "<group>"; };
		A6E5125A2D2860C500957165 /* index.htm */ = {isa = PBXFileReference; lastKnownFileType = text.html; path = index.htm; sourceTree = "<group>"; };
		A6E5125B2D2860C500957165 /* index.htm.old */ = {isa = PBXFileReference; lastKnownFileType = text; path = index.htm.old; sourceTree = "<group>"; };
		A6E5125C2D286C6200957165 /* header.htm */ = {isa = PBXFileReference; lastKnownFileType = text.html; path = header.htm; sourceTree = "<group>"; };
		A6E5125E2D287FCE00957165 /* planner.htm */ = {isa = PBXFileReference; lastKnownFileType = text.html; path = planner.htm; sourceTree = "<group>"; };
		A6FB07D52CDE794100813FD3 /* README.md */ = {isa = PBXFileReference; lastKnownFileType = net.daringfireball.markdown; path = README.md; sourceTree = "<group>"; };
/* End PBXFileReference section */

/* Begin PBXGroup section */
		A6FB07CC2CDE766800813FD3 = {
			isa = PBXGroup;
			children = (
				A6FB07D52CDE794100813FD3 /* README.md */,
				A6E512592D2860C500957165 /* home.htm */,
				A6E5125A2D2860C500957165 /* index.htm */,
				A6E5125C2D286C6200957165 /* header.htm */,
				A6E5125E2D287FCE00957165 /* planner.htm */,
				A6E5125B2D2860C500957165 /* index.htm.old */,
			);
			sourceTree = "<group>";
		};
/* End PBXGroup section */

/* Begin PBXProject section */
		A6FB07CD2CDE766800813FD3 /* Project object */ = {
			isa = PBXProject;
			attributes = {
				BuildIndependentTargetsInParallel = 1;
				LastUpgradeCheck = 1610;
			};
			buildConfigurationList = A6FB07D02CDE766800813FD3 /* Build configuration list for PBXProject "CommuteGreen" */;
			developmentRegion = en;
			hasScannedForEncodings = 0;
			knownRegions = (
				en,
				Base,
			);
			mainGroup = A6FB07CC2CDE766800813FD3;
			minimizedProjectReferenceProxies = 1;
			preferredProjectObjectVersion = 77;
			projectDirPath = "";
			projectRoot = "";
			targets = (
			);
		};
/* End PBXProject section */

/* Begin XCBuildConfiguration section */
		A6FB07D12CDE766800813FD3 /* Debug */ = {
			isa = XCBuildConfiguration;
			buildSettings = {
			};
			name = Debug;
		};
		A6FB07D22CDE766800813FD3 /* Release */ = {
			isa = XCBuildConfiguration;
			buildSettings = {
			};
			name = Release;
		};
/* End XCBuildConfiguration section */

/* Begin XCConfigurationList section */
		A6FB07D02CDE766800813FD3 /* Build configuration list for PBXProject "CommuteGreen" */ = {
			isa = XCConfigurationList;
			buildConfigurations = (
				A6FB07D12CDE766800813FD3 /* Debug */,
				A6FB07D22CDE766800813FD3 /* Release */,
			);
			defaultConfigurationIsVisible = 0;
			defaultConfigurationName = Release;
		};
/* End XCConfigurationList section */
	};
	rootObject = A6FB07CD2CDE766800813FD3 /* Project object */;
}
